// !$*UTF8*$!
{
	archiveVersion = 1;
	classes = {
	};
	objectVersion = 51;
	objects = {

/* Begin PBXBuildFile section */
		9839F6372503E430000DE7C0 /* GoogleService-Info.plist in Resources */ = {isa = PBXBuildFile; fileRef = 9839F6362503E430000DE7C0 /* GoogleService-Info.plist */; };
		983CEBF6250FE4750061A4CD /* TestUI.swift in Sources */ = {isa = PBXBuildFile; fileRef = 983CEBF5250FE4750061A4CD /* TestUI.swift */; };
		983CEBF8250FFBD10061A4CD /* SelectContentView.swift in Sources */ = {isa = PBXBuildFile; fileRef = 983CEBF7250FFBD10061A4CD /* SelectContentView.swift */; };
		98427857252CCD0500A553F9 /* ExportShareModalView.swift in Sources */ = {isa = PBXBuildFile; fileRef = 98427856252CCD0500A553F9 /* ExportShareModalView.swift */; };
		984C5CF12501A2AD007DBAF4 /* AppDelegate.swift in Sources */ = {isa = PBXBuildFile; fileRef = 984C5CF02501A2AD007DBAF4 /* AppDelegate.swift */; };
		984C5CF32501A2AD007DBAF4 /* SceneDelegate.swift in Sources */ = {isa = PBXBuildFile; fileRef = 984C5CF22501A2AD007DBAF4 /* SceneDelegate.swift */; };
		984C5CF52501A2AD007DBAF4 /* ContentView.swift in Sources */ = {isa = PBXBuildFile; fileRef = 984C5CF42501A2AD007DBAF4 /* ContentView.swift */; };
		984C5CFA2501A2AF007DBAF4 /* Preview Assets.xcassets in Resources */ = {isa = PBXBuildFile; fileRef = 984C5CF92501A2AF007DBAF4 /* Preview Assets.xcassets */; };
		984C5CFD2501A2AF007DBAF4 /* LaunchScreen.storyboard in Resources */ = {isa = PBXBuildFile; fileRef = 984C5CFB2501A2AF007DBAF4 /* LaunchScreen.storyboard */; };
		984C5D082501A2AF007DBAF4 /* ZoomerokTests.swift in Sources */ = {isa = PBXBuildFile; fileRef = 984C5D072501A2AF007DBAF4 /* ZoomerokTests.swift */; };
		984C5D132501A2AF007DBAF4 /* ZoomerokUITests.swift in Sources */ = {isa = PBXBuildFile; fileRef = 984C5D122501A2AF007DBAF4 /* ZoomerokUITests.swift */; };
		988CF512252758730003B673 /* ActivityIndicator.swift in Sources */ = {isa = PBXBuildFile; fileRef = 988CF511252758730003B673 /* ActivityIndicator.swift */; };
		988CF517252885BC0003B673 /* SavingModalView.swift in Sources */ = {isa = PBXBuildFile; fileRef = 988CF516252885BC0003B673 /* SavingModalView.swift */; };
		988DD41B251CA5FC00623601 /* CustomPlayerView.swift in Sources */ = {isa = PBXBuildFile; fileRef = 988DD41A251CA5FC00623601 /* CustomPlayerView.swift */; };
		9896B6E22506ABCD007B7C40 /* SpiderAttack-video.mov in Resources */ = {isa = PBXBuildFile; fileRef = 9896B6E12506ABCD007B7C40 /* SpiderAttack-video.mov */; };
		9896B6E62506C6E1007B7C40 /* Assets.xcassets in Resources */ = {isa = PBXBuildFile; fileRef = 9896B6E52506C6E1007B7C40 /* Assets.xcassets */; };
		9896B6E82506CF8D007B7C40 /* 1024.png in Resources */ = {isa = PBXBuildFile; fileRef = 9896B6E72506CF8C007B7C40 /* 1024.png */; };
		9896B6EA2508BCD3007B7C40 /* EffectSelectorView.swift in Sources */ = {isa = PBXBuildFile; fileRef = 9896B6E92508BCD3007B7C40 /* EffectSelectorView.swift */; };
		9896B6EC2508C637007B7C40 /* PreviewControlView.swift in Sources */ = {isa = PBXBuildFile; fileRef = 9896B6EB2508C637007B7C40 /* PreviewControlView.swift */; };
		98A5D3D82502A03F00240003 /* ImagePicker.swift in Sources */ = {isa = PBXBuildFile; fileRef = 98A5D3D72502A03F00240003 /* ImagePicker.swift */; };
		98A5D3DA2502A07900240003 /* OverlayVideo.swift in Sources */ = {isa = PBXBuildFile; fileRef = 98A5D3D92502A07900240003 /* OverlayVideo.swift */; };
		98A5D3DC2502A08E00240003 /* OverlayData.swift in Sources */ = {isa = PBXBuildFile; fileRef = 98A5D3DB2502A08E00240003 /* OverlayData.swift */; };
		98A5D3DE2502A0B100240003 /* Montage.swift in Sources */ = {isa = PBXBuildFile; fileRef = 98A5D3DD2502A0B100240003 /* Montage.swift */; };
		98A5D3E12502A0EE00240003 /* VideoRangeSliderView.swift in Sources */ = {isa = PBXBuildFile; fileRef = 98A5D3E02502A0EE00240003 /* VideoRangeSliderView.swift */; };
		98D98CD625054759006FB952 /* DownloadTestContent.swift in Sources */ = {isa = PBXBuildFile; fileRef = 98D98CD525054759006FB952 /* DownloadTestContent.swift */; };
		98D98CD825063BC6006FB952 /* MontageTests.swift in Sources */ = {isa = PBXBuildFile; fileRef = 98D98CD725063BC6006FB952 /* MontageTests.swift */; };
		B4B71E561A37268D3590C45E /* Pods_Zoomerok.framework in Frameworks */ = {isa = PBXBuildFile; fileRef = 7B6B3D27266BD941F7A7ADF7 /* Pods_Zoomerok.framework */; };
		BB47A649FE3491E9E0087421 /* Pods_Zoomerok_ZoomerokUITests.framework in Frameworks */ = {isa = PBXBuildFile; fileRef = D3B50D178B12259BDDE63758 /* Pods_Zoomerok_ZoomerokUITests.framework */; };
		EE696D4CFC8E9534B8D56D27 /* Pods_ZoomerokTests.framework in Frameworks */ = {isa = PBXBuildFile; fileRef = 3F3B5646AFD4A7EED536B611 /* Pods_ZoomerokTests.framework */; };
/* End PBXBuildFile section */

/* Begin PBXContainerItemProxy section */
		984C5D042501A2AF007DBAF4 /* PBXContainerItemProxy */ = {
			isa = PBXContainerItemProxy;
			containerPortal = 984C5CE52501A2AD007DBAF4 /* Project object */;
			proxyType = 1;
			remoteGlobalIDString = 984C5CEC2501A2AD007DBAF4;
			remoteInfo = Zoomerok;
		};
		984C5D0F2501A2AF007DBAF4 /* PBXContainerItemProxy */ = {
			isa = PBXContainerItemProxy;
			containerPortal = 984C5CE52501A2AD007DBAF4 /* Project object */;
			proxyType = 1;
			remoteGlobalIDString = 984C5CEC2501A2AD007DBAF4;
			remoteInfo = Zoomerok;
		};
/* End PBXContainerItemProxy section */

/* Begin PBXFileReference section */
		15585CE887216C1F5E80AC14 /* Pods-ZoomerokTests.release.xcconfig */ = {isa = PBXFileReference; includeInIndex = 1; lastKnownFileType = text.xcconfig; name = "Pods-ZoomerokTests.release.xcconfig"; path = "Target Support Files/Pods-ZoomerokTests/Pods-ZoomerokTests.release.xcconfig"; sourceTree = "<group>"; };
		3F3B5646AFD4A7EED536B611 /* Pods_ZoomerokTests.framework */ = {isa = PBXFileReference; explicitFileType = wrapper.framework; includeInIndex = 0; path = Pods_ZoomerokTests.framework; sourceTree = BUILT_PRODUCTS_DIR; };
		3FF26B5D06C4DAD800B63CF2 /* Pods-Zoomerok-ZoomerokUITests.release.xcconfig */ = {isa = PBXFileReference; includeInIndex = 1; lastKnownFileType = text.xcconfig; name = "Pods-Zoomerok-ZoomerokUITests.release.xcconfig"; path = "Target Support Files/Pods-Zoomerok-ZoomerokUITests/Pods-Zoomerok-ZoomerokUITests.release.xcconfig"; sourceTree = "<group>"; };
		7B6B3D27266BD941F7A7ADF7 /* Pods_Zoomerok.framework */ = {isa = PBXFileReference; explicitFileType = wrapper.framework; includeInIndex = 0; path = Pods_Zoomerok.framework; sourceTree = BUILT_PRODUCTS_DIR; };
		7F0EEFC076EA64A96E5DD261 /* Pods-ZoomerokTests.debug.xcconfig */ = {isa = PBXFileReference; includeInIndex = 1; lastKnownFileType = text.xcconfig; name = "Pods-ZoomerokTests.debug.xcconfig"; path = "Target Support Files/Pods-ZoomerokTests/Pods-ZoomerokTests.debug.xcconfig"; sourceTree = "<group>"; };
		81F00608ECF44071EAF60C7D /* Pods-Zoomerok-ZoomerokUITests.debug.xcconfig */ = {isa = PBXFileReference; includeInIndex = 1; lastKnownFileType = text.xcconfig; name = "Pods-Zoomerok-ZoomerokUITests.debug.xcconfig"; path = "Target Support Files/Pods-Zoomerok-ZoomerokUITests/Pods-Zoomerok-ZoomerokUITests.debug.xcconfig"; sourceTree = "<group>"; };
		9839F6362503E430000DE7C0 /* GoogleService-Info.plist */ = {isa = PBXFileReference; fileEncoding = 4; lastKnownFileType = text.plist.xml; path = "GoogleService-Info.plist"; sourceTree = "<group>"; };
		983CEBF5250FE4750061A4CD /* TestUI.swift */ = {isa = PBXFileReference; lastKnownFileType = sourcecode.swift; path = TestUI.swift; sourceTree = "<group>"; };
		983CEBF7250FFBD10061A4CD /* SelectContentView.swift */ = {isa = PBXFileReference; lastKnownFileType = sourcecode.swift; path = SelectContentView.swift; sourceTree = "<group>"; };
		98427856252CCD0500A553F9 /* ExportShareModalView.swift */ = {isa = PBXFileReference; lastKnownFileType = sourcecode.swift; path = ExportShareModalView.swift; sourceTree = "<group>"; };
		984C5CED2501A2AD007DBAF4 /* Zoomerok.app */ = {isa = PBXFileReference; explicitFileType = wrapper.application; includeInIndex = 0; path = Zoomerok.app; sourceTree = BUILT_PRODUCTS_DIR; };
		984C5CF02501A2AD007DBAF4 /* AppDelegate.swift */ = {isa = PBXFileReference; lastKnownFileType = sourcecode.swift; path = AppDelegate.swift; sourceTree = "<group>"; };
		984C5CF22501A2AD007DBAF4 /* SceneDelegate.swift */ = {isa = PBXFileReference; lastKnownFileType = sourcecode.swift; path = SceneDelegate.swift; sourceTree = "<group>"; };
		984C5CF42501A2AD007DBAF4 /* ContentView.swift */ = {isa = PBXFileReference; lastKnownFileType = sourcecode.swift; path = ContentView.swift; sourceTree = "<group>"; };
		984C5CF92501A2AF007DBAF4 /* Preview Assets.xcassets */ = {isa = PBXFileReference; lastKnownFileType = folder.assetcatalog; path = "Preview Assets.xcassets"; sourceTree = "<group>"; };
		984C5CFC2501A2AF007DBAF4 /* Base */ = {isa = PBXFileReference; lastKnownFileType = file.storyboard; name = Base; path = Base.lproj/LaunchScreen.storyboard; sourceTree = "<group>"; };
		984C5CFE2501A2AF007DBAF4 /* Info.plist */ = {isa = PBXFileReference; lastKnownFileType = text.plist.xml; path = Info.plist; sourceTree = "<group>"; };
		984C5D032501A2AF007DBAF4 /* ZoomerokTests.xctest */ = {isa = PBXFileReference; explicitFileType = wrapper.cfbundle; includeInIndex = 0; path = ZoomerokTests.xctest; sourceTree = BUILT_PRODUCTS_DIR; };
		984C5D072501A2AF007DBAF4 /* ZoomerokTests.swift */ = {isa = PBXFileReference; lastKnownFileType = sourcecode.swift; path = ZoomerokTests.swift; sourceTree = "<group>"; };
		984C5D092501A2AF007DBAF4 /* Info.plist */ = {isa = PBXFileReference; lastKnownFileType = text.plist.xml; path = Info.plist; sourceTree = "<group>"; };
		984C5D0E2501A2AF007DBAF4 /* ZoomerokUITests.xctest */ = {isa = PBXFileReference; explicitFileType = wrapper.cfbundle; includeInIndex = 0; path = ZoomerokUITests.xctest; sourceTree = BUILT_PRODUCTS_DIR; };
		984C5D122501A2AF007DBAF4 /* ZoomerokUITests.swift */ = {isa = PBXFileReference; lastKnownFileType = sourcecode.swift; path = ZoomerokUITests.swift; sourceTree = "<group>"; };
		984C5D142501A2AF007DBAF4 /* Info.plist */ = {isa = PBXFileReference; lastKnownFileType = text.plist.xml; path = Info.plist; sourceTree = "<group>"; };
		988CF511252758730003B673 /* ActivityIndicator.swift */ = {isa = PBXFileReference; lastKnownFileType = sourcecode.swift; path = ActivityIndicator.swift; sourceTree = "<group>"; };
		988CF516252885BC0003B673 /* SavingModalView.swift */ = {isa = PBXFileReference; lastKnownFileType = sourcecode.swift; path = SavingModalView.swift; sourceTree = "<group>"; };
		988DD41A251CA5FC00623601 /* CustomPlayerView.swift */ = {isa = PBXFileReference; lastKnownFileType = sourcecode.swift; path = CustomPlayerView.swift; sourceTree = "<group>"; };
		9896B6E12506ABCD007B7C40 /* SpiderAttack-video.mov */ = {isa = PBXFileReference; lastKnownFileType = video.quicktime; path = "SpiderAttack-video.mov"; sourceTree = "<group>"; };
		9896B6E52506C6E1007B7C40 /* Assets.xcassets */ = {isa = PBXFileReference; lastKnownFileType = folder.assetcatalog; path = Assets.xcassets; sourceTree = "<group>"; };
		9896B6E72506CF8C007B7C40 /* 1024.png */ = {isa = PBXFileReference; lastKnownFileType = image.png; name = 1024.png; path = Zoomerok/Assets.xcassets/AppIcon.appiconset/1024.png; sourceTree = SOURCE_ROOT; };
		9896B6E92508BCD3007B7C40 /* EffectSelectorView.swift */ = {isa = PBXFileReference; lastKnownFileType = sourcecode.swift; path = EffectSelectorView.swift; sourceTree = "<group>"; };
		9896B6EB2508C637007B7C40 /* PreviewControlView.swift */ = {isa = PBXFileReference; lastKnownFileType = sourcecode.swift; path = PreviewControlView.swift; sourceTree = "<group>"; };
		98A5D3D72502A03F00240003 /* ImagePicker.swift */ = {isa = PBXFileReference; lastKnownFileType = sourcecode.swift; path = ImagePicker.swift; sourceTree = "<group>"; };
		98A5D3D92502A07900240003 /* OverlayVideo.swift */ = {isa = PBXFileReference; lastKnownFileType = sourcecode.swift; path = OverlayVideo.swift; sourceTree = "<group>"; };
		98A5D3DB2502A08E00240003 /* OverlayData.swift */ = {isa = PBXFileReference; lastKnownFileType = sourcecode.swift; path = OverlayData.swift; sourceTree = "<group>"; };
		98A5D3DD2502A0B100240003 /* Montage.swift */ = {isa = PBXFileReference; lastKnownFileType = sourcecode.swift; path = Montage.swift; sourceTree = "<group>"; };
		98A5D3E02502A0EE00240003 /* VideoRangeSliderView.swift */ = {isa = PBXFileReference; lastKnownFileType = sourcecode.swift; path = VideoRangeSliderView.swift; sourceTree = "<group>"; };
		98D98CD525054759006FB952 /* DownloadTestContent.swift */ = {isa = PBXFileReference; lastKnownFileType = sourcecode.swift; path = DownloadTestContent.swift; sourceTree = "<group>"; };
		98D98CD725063BC6006FB952 /* MontageTests.swift */ = {isa = PBXFileReference; lastKnownFileType = sourcecode.swift; path = MontageTests.swift; sourceTree = "<group>"; };
		98D98CD925065CA9006FB952 /* README.md */ = {isa = PBXFileReference; lastKnownFileType = net.daringfireball.markdown; path = README.md; sourceTree = "<group>"; };
		9BBACA0FA61318BEC2F7C16C /* Pods-Zoomerok.release.xcconfig */ = {isa = PBXFileReference; includeInIndex = 1; lastKnownFileType = text.xcconfig; name = "Pods-Zoomerok.release.xcconfig"; path = "Target Support Files/Pods-Zoomerok/Pods-Zoomerok.release.xcconfig"; sourceTree = "<group>"; };
		D3B50D178B12259BDDE63758 /* Pods_Zoomerok_ZoomerokUITests.framework */ = {isa = PBXFileReference; explicitFileType = wrapper.framework; includeInIndex = 0; path = Pods_Zoomerok_ZoomerokUITests.framework; sourceTree = BUILT_PRODUCTS_DIR; };
		E22D4A65454AEC60088171AE /* Pods-Zoomerok.debug.xcconfig */ = {isa = PBXFileReference; includeInIndex = 1; lastKnownFileType = text.xcconfig; name = "Pods-Zoomerok.debug.xcconfig"; path = "Target Support Files/Pods-Zoomerok/Pods-Zoomerok.debug.xcconfig"; sourceTree = "<group>"; };
/* End PBXFileReference section */

/* Begin PBXFrameworksBuildPhase section */
		984C5CEA2501A2AD007DBAF4 /* Frameworks */ = {
			isa = PBXFrameworksBuildPhase;
			buildActionMask = 2147483647;
			files = (
				B4B71E561A37268D3590C45E /* Pods_Zoomerok.framework in Frameworks */,
			);
			runOnlyForDeploymentPostprocessing = 0;
		};
		984C5D002501A2AF007DBAF4 /* Frameworks */ = {
			isa = PBXFrameworksBuildPhase;
			buildActionMask = 2147483647;
			files = (
				EE696D4CFC8E9534B8D56D27 /* Pods_ZoomerokTests.framework in Frameworks */,
			);
			runOnlyForDeploymentPostprocessing = 0;
		};
		984C5D0B2501A2AF007DBAF4 /* Frameworks */ = {
			isa = PBXFrameworksBuildPhase;
			buildActionMask = 2147483647;
			files = (
				BB47A649FE3491E9E0087421 /* Pods_Zoomerok_ZoomerokUITests.framework in Frameworks */,
			);
			runOnlyForDeploymentPostprocessing = 0;
		};
/* End PBXFrameworksBuildPhase section */

/* Begin PBXGroup section */
		28ECAF14C5741C6A777A813D /* Pods */ = {
			isa = PBXGroup;
			children = (
				E22D4A65454AEC60088171AE /* Pods-Zoomerok.debug.xcconfig */,
				9BBACA0FA61318BEC2F7C16C /* Pods-Zoomerok.release.xcconfig */,
				81F00608ECF44071EAF60C7D /* Pods-Zoomerok-ZoomerokUITests.debug.xcconfig */,
				3FF26B5D06C4DAD800B63CF2 /* Pods-Zoomerok-ZoomerokUITests.release.xcconfig */,
				7F0EEFC076EA64A96E5DD261 /* Pods-ZoomerokTests.debug.xcconfig */,
				15585CE887216C1F5E80AC14 /* Pods-ZoomerokTests.release.xcconfig */,
			);
			path = Pods;
			sourceTree = "<group>";
		};
		984C5CE42501A2AD007DBAF4 = {
			isa = PBXGroup;
			children = (
				98D98CD925065CA9006FB952 /* README.md */,
				984C5CEF2501A2AD007DBAF4 /* Zoomerok */,
				984C5D062501A2AF007DBAF4 /* ZoomerokTests */,
				984C5D112501A2AF007DBAF4 /* ZoomerokUITests */,
				984C5CEE2501A2AD007DBAF4 /* Products */,
				28ECAF14C5741C6A777A813D /* Pods */,
				C9E4C2C49A9D5E19D1C3358C /* Frameworks */,
			);
			sourceTree = "<group>";
		};
		984C5CEE2501A2AD007DBAF4 /* Products */ = {
			isa = PBXGroup;
			children = (
				984C5CED2501A2AD007DBAF4 /* Zoomerok.app */,
				984C5D032501A2AF007DBAF4 /* ZoomerokTests.xctest */,
				984C5D0E2501A2AF007DBAF4 /* ZoomerokUITests.xctest */,
			);
			name = Products;
			sourceTree = "<group>";
		};
		984C5CEF2501A2AD007DBAF4 /* Zoomerok */ = {
			isa = PBXGroup;
			children = (
				98D98CD42505472B006FB952 /* Libs */,
				9839F6362503E430000DE7C0 /* GoogleService-Info.plist */,
				98A5D3E22502A13800240003 /* Assets */,
				98A5D3DF2502A0D900240003 /* Views */,
				984C5CF02501A2AD007DBAF4 /* AppDelegate.swift */,
				984C5CF22501A2AD007DBAF4 /* SceneDelegate.swift */,
				984C5CF42501A2AD007DBAF4 /* ContentView.swift */,
				984C5CFB2501A2AF007DBAF4 /* LaunchScreen.storyboard */,
				9896B6E52506C6E1007B7C40 /* Assets.xcassets */,
				984C5CFE2501A2AF007DBAF4 /* Info.plist */,
				984C5CF82501A2AF007DBAF4 /* Preview Content */,
			);
			path = Zoomerok;
			sourceTree = "<group>";
		};
		984C5CF82501A2AF007DBAF4 /* Preview Content */ = {
			isa = PBXGroup;
			children = (
				984C5CF92501A2AF007DBAF4 /* Preview Assets.xcassets */,
			);
			path = "Preview Content";
			sourceTree = "<group>";
		};
		984C5D062501A2AF007DBAF4 /* ZoomerokTests */ = {
			isa = PBXGroup;
			children = (
				984C5D072501A2AF007DBAF4 /* ZoomerokTests.swift */,
				984C5D092501A2AF007DBAF4 /* Info.plist */,
				98D98CD725063BC6006FB952 /* MontageTests.swift */,
			);
			path = ZoomerokTests;
			sourceTree = "<group>";
		};
		984C5D112501A2AF007DBAF4 /* ZoomerokUITests */ = {
			isa = PBXGroup;
			children = (
				984C5D122501A2AF007DBAF4 /* ZoomerokUITests.swift */,
				984C5D142501A2AF007DBAF4 /* Info.plist */,
			);
			path = ZoomerokUITests;
			sourceTree = "<group>";
		};
		9896B6E02506AB75007B7C40 /* Effects */ = {
			isa = PBXGroup;
			children = (
				9896B6EF250B7E79007B7C40 /* SpiderAttack */,
			);
			path = Effects;
			sourceTree = "<group>";
		};
		9896B6EF250B7E79007B7C40 /* SpiderAttack */ = {
			isa = PBXGroup;
			children = (
				9896B6E12506ABCD007B7C40 /* SpiderAttack-video.mov */,
			);
			path = SpiderAttack;
			sourceTree = "<group>";
		};
		98A5D3DF2502A0D900240003 /* Views */ = {
			isa = PBXGroup;
			children = (
				983CEBF5250FE4750061A4CD /* TestUI.swift */,
				98A5D3D72502A03F00240003 /* ImagePicker.swift */,
				98A5D3E02502A0EE00240003 /* VideoRangeSliderView.swift */,
				9896B6E92508BCD3007B7C40 /* EffectSelectorView.swift */,
				9896B6EB2508C637007B7C40 /* PreviewControlView.swift */,
				983CEBF7250FFBD10061A4CD /* SelectContentView.swift */,
				988DD41A251CA5FC00623601 /* CustomPlayerView.swift */,
				988CF511252758730003B673 /* ActivityIndicator.swift */,
				988CF516252885BC0003B673 /* SavingModalView.swift */,
				98427856252CCD0500A553F9 /* ExportShareModalView.swift */,
			);
			path = Views;
			sourceTree = "<group>";
		};
		98A5D3E22502A13800240003 /* Assets */ = {
			isa = PBXGroup;
			children = (
				9896B6E72506CF8C007B7C40 /* 1024.png */,
				9896B6E02506AB75007B7C40 /* Effects */,
			);
			path = Assets;
			sourceTree = "<group>";
		};
		98D98CD42505472B006FB952 /* Libs */ = {
			isa = PBXGroup;
			children = (
				98A5D3D92502A07900240003 /* OverlayVideo.swift */,
				98A5D3DB2502A08E00240003 /* OverlayData.swift */,
				98A5D3DD2502A0B100240003 /* Montage.swift */,
				98D98CD525054759006FB952 /* DownloadTestContent.swift */,
			);
			path = Libs;
			sourceTree = "<group>";
		};
		C9E4C2C49A9D5E19D1C3358C /* Frameworks */ = {
			isa = PBXGroup;
			children = (
				7B6B3D27266BD941F7A7ADF7 /* Pods_Zoomerok.framework */,
				D3B50D178B12259BDDE63758 /* Pods_Zoomerok_ZoomerokUITests.framework */,
				3F3B5646AFD4A7EED536B611 /* Pods_ZoomerokTests.framework */,
			);
			name = Frameworks;
			sourceTree = "<group>";
		};
/* End PBXGroup section */

/* Begin PBXNativeTarget section */
		984C5CEC2501A2AD007DBAF4 /* Zoomerok */ = {
			isa = PBXNativeTarget;
			buildConfigurationList = 984C5D172501A2AF007DBAF4 /* Build configuration list for PBXNativeTarget "Zoomerok" */;
			buildPhases = (
				FC5FCD5EBD6A081A2506E2D5 /* [CP] Check Pods Manifest.lock */,
				984C5CE92501A2AD007DBAF4 /* Sources */,
				984C5CEA2501A2AD007DBAF4 /* Frameworks */,
				984C5CEB2501A2AD007DBAF4 /* Resources */,
				810059BA9922E7F3A294A006 /* [CP] Embed Pods Frameworks */,
			);
			buildRules = (
			);
			dependencies = (
			);
			name = Zoomerok;
			productName = Zoomerok;
			productReference = 984C5CED2501A2AD007DBAF4 /* Zoomerok.app */;
			productType = "com.apple.product-type.application";
		};
		984C5D022501A2AF007DBAF4 /* ZoomerokTests */ = {
			isa = PBXNativeTarget;
			buildConfigurationList = 984C5D1A2501A2AF007DBAF4 /* Build configuration list for PBXNativeTarget "ZoomerokTests" */;
			buildPhases = (
				094E1AAB52F7C74DC8D3DE3A /* [CP] Check Pods Manifest.lock */,
				984C5CFF2501A2AF007DBAF4 /* Sources */,
				984C5D002501A2AF007DBAF4 /* Frameworks */,
				984C5D012501A2AF007DBAF4 /* Resources */,
			);
			buildRules = (
			);
			dependencies = (
				984C5D052501A2AF007DBAF4 /* PBXTargetDependency */,
			);
			name = ZoomerokTests;
			productName = ZoomerokTests;
			productReference = 984C5D032501A2AF007DBAF4 /* ZoomerokTests.xctest */;
			productType = "com.apple.product-type.bundle.unit-test";
		};
		984C5D0D2501A2AF007DBAF4 /* ZoomerokUITests */ = {
			isa = PBXNativeTarget;
			buildConfigurationList = 984C5D1D2501A2AF007DBAF4 /* Build configuration list for PBXNativeTarget "ZoomerokUITests" */;
			buildPhases = (
				05A464914EA6B93B70C4CDA4 /* [CP] Check Pods Manifest.lock */,
				984C5D0A2501A2AF007DBAF4 /* Sources */,
				984C5D0B2501A2AF007DBAF4 /* Frameworks */,
				984C5D0C2501A2AF007DBAF4 /* Resources */,
				02C6806C59011FBDD7ED02FD /* [CP] Embed Pods Frameworks */,
			);
			buildRules = (
			);
			dependencies = (
				984C5D102501A2AF007DBAF4 /* PBXTargetDependency */,
			);
			name = ZoomerokUITests;
			productName = ZoomerokUITests;
			productReference = 984C5D0E2501A2AF007DBAF4 /* ZoomerokUITests.xctest */;
			productType = "com.apple.product-type.bundle.ui-testing";
		};
/* End PBXNativeTarget section */

/* Begin PBXProject section */
		984C5CE52501A2AD007DBAF4 /* Project object */ = {
			isa = PBXProject;
			attributes = {
				LastSwiftUpdateCheck = 1170;
				LastUpgradeCheck = 1200;
				ORGANIZATIONNAME = "Shadurin Organization";
				TargetAttributes = {
					984C5CEC2501A2AD007DBAF4 = {
						CreatedOnToolsVersion = 11.7;
						LastSwiftMigration = 1170;
					};
					984C5D022501A2AF007DBAF4 = {
						CreatedOnToolsVersion = 11.7;
						TestTargetID = 984C5CEC2501A2AD007DBAF4;
					};
					984C5D0D2501A2AF007DBAF4 = {
						CreatedOnToolsVersion = 11.7;
						TestTargetID = 984C5CEC2501A2AD007DBAF4;
					};
				};
			};
			buildConfigurationList = 984C5CE82501A2AD007DBAF4 /* Build configuration list for PBXProject "Zoomerok" */;
			compatibilityVersion = "Xcode 9.3";
			developmentRegion = en;
			hasScannedForEncodings = 0;
			knownRegions = (
				en,
				Base,
			);
			mainGroup = 984C5CE42501A2AD007DBAF4;
			productRefGroup = 984C5CEE2501A2AD007DBAF4 /* Products */;
			projectDirPath = "";
			projectRoot = "";
			targets = (
				984C5CEC2501A2AD007DBAF4 /* Zoomerok */,
				984C5D022501A2AF007DBAF4 /* ZoomerokTests */,
				984C5D0D2501A2AF007DBAF4 /* ZoomerokUITests */,
			);
		};
/* End PBXProject section */

/* Begin PBXResourcesBuildPhase section */
		984C5CEB2501A2AD007DBAF4 /* Resources */ = {
			isa = PBXResourcesBuildPhase;
			buildActionMask = 2147483647;
			files = (
				9896B6E82506CF8D007B7C40 /* 1024.png in Resources */,
				984C5CFD2501A2AF007DBAF4 /* LaunchScreen.storyboard in Resources */,
				984C5CFA2501A2AF007DBAF4 /* Preview Assets.xcassets in Resources */,
				9839F6372503E430000DE7C0 /* GoogleService-Info.plist in Resources */,
				9896B6E62506C6E1007B7C40 /* Assets.xcassets in Resources */,
				9896B6E22506ABCD007B7C40 /* SpiderAttack-video.mov in Resources */,
			);
			runOnlyForDeploymentPostprocessing = 0;
		};
		984C5D012501A2AF007DBAF4 /* Resources */ = {
			isa = PBXResourcesBuildPhase;
			buildActionMask = 2147483647;
			files = (
			);
			runOnlyForDeploymentPostprocessing = 0;
		};
		984C5D0C2501A2AF007DBAF4 /* Resources */ = {
			isa = PBXResourcesBuildPhase;
			buildActionMask = 2147483647;
			files = (
			);
			runOnlyForDeploymentPostprocessing = 0;
		};
/* End PBXResourcesBuildPhase section */

/* Begin PBXShellScriptBuildPhase section */
		02C6806C59011FBDD7ED02FD /* [CP] Embed Pods Frameworks */ = {
			isa = PBXShellScriptBuildPhase;
			buildActionMask = 2147483647;
			files = (
			);
			inputFileListPaths = (
				"${PODS_ROOT}/Target Support Files/Pods-Zoomerok-ZoomerokUITests/Pods-Zoomerok-ZoomerokUITests-frameworks-${CONFIGURATION}-input-files.xcfilelist",
			);
			name = "[CP] Embed Pods Frameworks";
			outputFileListPaths = (
				"${PODS_ROOT}/Target Support Files/Pods-Zoomerok-ZoomerokUITests/Pods-Zoomerok-ZoomerokUITests-frameworks-${CONFIGURATION}-output-files.xcfilelist",
			);
			runOnlyForDeploymentPostprocessing = 0;
			shellPath = /bin/sh;
			shellScript = "\"${PODS_ROOT}/Target Support Files/Pods-Zoomerok-ZoomerokUITests/Pods-Zoomerok-ZoomerokUITests-frameworks.sh\"\n";
			showEnvVarsInLog = 0;
		};
		05A464914EA6B93B70C4CDA4 /* [CP] Check Pods Manifest.lock */ = {
			isa = PBXShellScriptBuildPhase;
			buildActionMask = 2147483647;
			files = (
			);
			inputFileListPaths = (
			);
			inputPaths = (
				"${PODS_PODFILE_DIR_PATH}/Podfile.lock",
				"${PODS_ROOT}/Manifest.lock",
			);
			name = "[CP] Check Pods Manifest.lock";
			outputFileListPaths = (
			);
			outputPaths = (
				"$(DERIVED_FILE_DIR)/Pods-Zoomerok-ZoomerokUITests-checkManifestLockResult.txt",
			);
			runOnlyForDeploymentPostprocessing = 0;
			shellPath = /bin/sh;
			shellScript = "diff \"${PODS_PODFILE_DIR_PATH}/Podfile.lock\" \"${PODS_ROOT}/Manifest.lock\" > /dev/null\nif [ $? != 0 ] ; then\n    # print error to STDERR\n    echo \"error: The sandbox is not in sync with the Podfile.lock. Run 'pod install' or update your CocoaPods installation.\" >&2\n    exit 1\nfi\n# This output is used by Xcode 'outputs' to avoid re-running this script phase.\necho \"SUCCESS\" > \"${SCRIPT_OUTPUT_FILE_0}\"\n";
			showEnvVarsInLog = 0;
		};
		094E1AAB52F7C74DC8D3DE3A /* [CP] Check Pods Manifest.lock */ = {
			isa = PBXShellScriptBuildPhase;
			buildActionMask = 2147483647;
			files = (
			);
			inputFileListPaths = (
			);
			inputPaths = (
				"${PODS_PODFILE_DIR_PATH}/Podfile.lock",
				"${PODS_ROOT}/Manifest.lock",
			);
			name = "[CP] Check Pods Manifest.lock";
			outputFileListPaths = (
			);
			outputPaths = (
				"$(DERIVED_FILE_DIR)/Pods-ZoomerokTests-checkManifestLockResult.txt",
			);
			runOnlyForDeploymentPostprocessing = 0;
			shellPath = /bin/sh;
			shellScript = "diff \"${PODS_PODFILE_DIR_PATH}/Podfile.lock\" \"${PODS_ROOT}/Manifest.lock\" > /dev/null\nif [ $? != 0 ] ; then\n    # print error to STDERR\n    echo \"error: The sandbox is not in sync with the Podfile.lock. Run 'pod install' or update your CocoaPods installation.\" >&2\n    exit 1\nfi\n# This output is used by Xcode 'outputs' to avoid re-running this script phase.\necho \"SUCCESS\" > \"${SCRIPT_OUTPUT_FILE_0}\"\n";
			showEnvVarsInLog = 0;
		};
		810059BA9922E7F3A294A006 /* [CP] Embed Pods Frameworks */ = {
			isa = PBXShellScriptBuildPhase;
			buildActionMask = 2147483647;
			files = (
			);
			inputFileListPaths = (
				"${PODS_ROOT}/Target Support Files/Pods-Zoomerok/Pods-Zoomerok-frameworks-${CONFIGURATION}-input-files.xcfilelist",
			);
			name = "[CP] Embed Pods Frameworks";
			outputFileListPaths = (
				"${PODS_ROOT}/Target Support Files/Pods-Zoomerok/Pods-Zoomerok-frameworks-${CONFIGURATION}-output-files.xcfilelist",
			);
			runOnlyForDeploymentPostprocessing = 0;
			shellPath = /bin/sh;
			shellScript = "\"${PODS_ROOT}/Target Support Files/Pods-Zoomerok/Pods-Zoomerok-frameworks.sh\"\n";
			showEnvVarsInLog = 0;
		};
		FC5FCD5EBD6A081A2506E2D5 /* [CP] Check Pods Manifest.lock */ = {
			isa = PBXShellScriptBuildPhase;
			buildActionMask = 2147483647;
			files = (
			);
			inputFileListPaths = (
			);
			inputPaths = (
				"${PODS_PODFILE_DIR_PATH}/Podfile.lock",
				"${PODS_ROOT}/Manifest.lock",
			);
			name = "[CP] Check Pods Manifest.lock";
			outputFileListPaths = (
			);
			outputPaths = (
				"$(DERIVED_FILE_DIR)/Pods-Zoomerok-checkManifestLockResult.txt",
			);
			runOnlyForDeploymentPostprocessing = 0;
			shellPath = /bin/sh;
			shellScript = "diff \"${PODS_PODFILE_DIR_PATH}/Podfile.lock\" \"${PODS_ROOT}/Manifest.lock\" > /dev/null\nif [ $? != 0 ] ; then\n    # print error to STDERR\n    echo \"error: The sandbox is not in sync with the Podfile.lock. Run 'pod install' or update your CocoaPods installation.\" >&2\n    exit 1\nfi\n# This output is used by Xcode 'outputs' to avoid re-running this script phase.\necho \"SUCCESS\" > \"${SCRIPT_OUTPUT_FILE_0}\"\n";
			showEnvVarsInLog = 0;
		};
/* End PBXShellScriptBuildPhase section */

/* Begin PBXSourcesBuildPhase section */
		984C5CE92501A2AD007DBAF4 /* Sources */ = {
			isa = PBXSourcesBuildPhase;
			buildActionMask = 2147483647;
			files = (
				988CF517252885BC0003B673 /* SavingModalView.swift in Sources */,
				98D98CD625054759006FB952 /* DownloadTestContent.swift in Sources */,
				988CF512252758730003B673 /* ActivityIndicator.swift in Sources */,
				983CEBF6250FE4750061A4CD /* TestUI.swift in Sources */,
				988DD41B251CA5FC00623601 /* CustomPlayerView.swift in Sources */,
				98A5D3DC2502A08E00240003 /* OverlayData.swift in Sources */,
				9896B6EA2508BCD3007B7C40 /* EffectSelectorView.swift in Sources */,
				98427857252CCD0500A553F9 /* ExportShareModalView.swift in Sources */,
				9896B6EC2508C637007B7C40 /* PreviewControlView.swift in Sources */,
				984C5CF12501A2AD007DBAF4 /* AppDelegate.swift in Sources */,
				983CEBF8250FFBD10061A4CD /* SelectContentView.swift in Sources */,
				98A5D3D82502A03F00240003 /* ImagePicker.swift in Sources */,
				98A5D3DE2502A0B100240003 /* Montage.swift in Sources */,
				98A5D3DA2502A07900240003 /* OverlayVideo.swift in Sources */,
				984C5CF32501A2AD007DBAF4 /* SceneDelegate.swift in Sources */,
				984C5CF52501A2AD007DBAF4 /* ContentView.swift in Sources */,
				98A5D3E12502A0EE00240003 /* VideoRangeSliderView.swift in Sources */,
			);
			runOnlyForDeploymentPostprocessing = 0;
		};
		984C5CFF2501A2AF007DBAF4 /* Sources */ = {
			isa = PBXSourcesBuildPhase;
			buildActionMask = 2147483647;
			files = (
				984C5D082501A2AF007DBAF4 /* ZoomerokTests.swift in Sources */,
				98D98CD825063BC6006FB952 /* MontageTests.swift in Sources */,
			);
			runOnlyForDeploymentPostprocessing = 0;
		};
		984C5D0A2501A2AF007DBAF4 /* Sources */ = {
			isa = PBXSourcesBuildPhase;
			buildActionMask = 2147483647;
			files = (
				984C5D132501A2AF007DBAF4 /* ZoomerokUITests.swift in Sources */,
			);
			runOnlyForDeploymentPostprocessing = 0;
		};
/* End PBXSourcesBuildPhase section */

/* Begin PBXTargetDependency section */
		984C5D052501A2AF007DBAF4 /* PBXTargetDependency */ = {
			isa = PBXTargetDependency;
			target = 984C5CEC2501A2AD007DBAF4 /* Zoomerok */;
			targetProxy = 984C5D042501A2AF007DBAF4 /* PBXContainerItemProxy */;
		};
		984C5D102501A2AF007DBAF4 /* PBXTargetDependency */ = {
			isa = PBXTargetDependency;
			target = 984C5CEC2501A2AD007DBAF4 /* Zoomerok */;
			targetProxy = 984C5D0F2501A2AF007DBAF4 /* PBXContainerItemProxy */;
		};
/* End PBXTargetDependency section */

/* Begin PBXVariantGroup section */
		984C5CFB2501A2AF007DBAF4 /* LaunchScreen.storyboard */ = {
			isa = PBXVariantGroup;
			children = (
				984C5CFC2501A2AF007DBAF4 /* Base */,
			);
			name = LaunchScreen.storyboard;
			sourceTree = "<group>";
		};
/* End PBXVariantGroup section */

/* Begin XCBuildConfiguration section */
		984C5D152501A2AF007DBAF4 /* Debug */ = {
			isa = XCBuildConfiguration;
			buildSettings = {
				ALWAYS_SEARCH_USER_PATHS = NO;
				CLANG_ANALYZER_NONNULL = YES;
				CLANG_ANALYZER_NUMBER_OBJECT_CONVERSION = YES_AGGRESSIVE;
				CLANG_CXX_LANGUAGE_STANDARD = "gnu++14";
				CLANG_CXX_LIBRARY = "libc++";
				CLANG_ENABLE_MODULES = YES;
				CLANG_ENABLE_OBJC_ARC = YES;
				CLANG_ENABLE_OBJC_WEAK = YES;
				CLANG_WARN_BLOCK_CAPTURE_AUTORELEASING = YES;
				CLANG_WARN_BOOL_CONVERSION = YES;
				CLANG_WARN_COMMA = YES;
				CLANG_WARN_CONSTANT_CONVERSION = YES;
				CLANG_WARN_DEPRECATED_OBJC_IMPLEMENTATIONS = YES;
				CLANG_WARN_DIRECT_OBJC_ISA_USAGE = YES_ERROR;
				CLANG_WARN_DOCUMENTATION_COMMENTS = YES;
				CLANG_WARN_EMPTY_BODY = YES;
				CLANG_WARN_ENUM_CONVERSION = YES;
				CLANG_WARN_INFINITE_RECURSION = YES;
				CLANG_WARN_INT_CONVERSION = YES;
				CLANG_WARN_NON_LITERAL_NULL_CONVERSION = YES;
				CLANG_WARN_OBJC_IMPLICIT_RETAIN_SELF = YES;
				CLANG_WARN_OBJC_LITERAL_CONVERSION = YES;
				CLANG_WARN_OBJC_ROOT_CLASS = YES_ERROR;
				CLANG_WARN_QUOTED_INCLUDE_IN_FRAMEWORK_HEADER = YES;
				CLANG_WARN_RANGE_LOOP_ANALYSIS = YES;
				CLANG_WARN_STRICT_PROTOTYPES = YES;
				CLANG_WARN_SUSPICIOUS_MOVE = YES;
				CLANG_WARN_UNGUARDED_AVAILABILITY = YES_AGGRESSIVE;
				CLANG_WARN_UNREACHABLE_CODE = YES;
				CLANG_WARN__DUPLICATE_METHOD_MATCH = YES;
				COPY_PHASE_STRIP = NO;
				DEBUG_INFORMATION_FORMAT = dwarf;
				ENABLE_STRICT_OBJC_MSGSEND = YES;
				ENABLE_TESTABILITY = YES;
				GCC_C_LANGUAGE_STANDARD = gnu11;
				GCC_DYNAMIC_NO_PIC = NO;
				GCC_NO_COMMON_BLOCKS = YES;
				GCC_OPTIMIZATION_LEVEL = 0;
				GCC_PREPROCESSOR_DEFINITIONS = (
					"DEBUG=1",
					"$(inherited)",
				);
				GCC_WARN_64_TO_32_BIT_CONVERSION = YES;
				GCC_WARN_ABOUT_RETURN_TYPE = YES_ERROR;
				GCC_WARN_UNDECLARED_SELECTOR = YES;
				GCC_WARN_UNINITIALIZED_AUTOS = YES_AGGRESSIVE;
				GCC_WARN_UNUSED_FUNCTION = YES;
				GCC_WARN_UNUSED_VARIABLE = YES;
				IPHONEOS_DEPLOYMENT_TARGET = 13.7;
				MTL_ENABLE_DEBUG_INFO = INCLUDE_SOURCE;
				MTL_FAST_MATH = YES;
				ONLY_ACTIVE_ARCH = YES;
				SDKROOT = iphoneos;
				SWIFT_ACTIVE_COMPILATION_CONDITIONS = DEBUG;
				SWIFT_OPTIMIZATION_LEVEL = "-Onone";
			};
			name = Debug;
		};
		984C5D162501A2AF007DBAF4 /* Release */ = {
			isa = XCBuildConfiguration;
			buildSettings = {
				ALWAYS_SEARCH_USER_PATHS = NO;
				CLANG_ANALYZER_NONNULL = YES;
				CLANG_ANALYZER_NUMBER_OBJECT_CONVERSION = YES_AGGRESSIVE;
				CLANG_CXX_LANGUAGE_STANDARD = "gnu++14";
				CLANG_CXX_LIBRARY = "libc++";
				CLANG_ENABLE_MODULES = YES;
				CLANG_ENABLE_OBJC_ARC = YES;
				CLANG_ENABLE_OBJC_WEAK = YES;
				CLANG_WARN_BLOCK_CAPTURE_AUTORELEASING = YES;
				CLANG_WARN_BOOL_CONVERSION = YES;
				CLANG_WARN_COMMA = YES;
				CLANG_WARN_CONSTANT_CONVERSION = YES;
				CLANG_WARN_DEPRECATED_OBJC_IMPLEMENTATIONS = YES;
				CLANG_WARN_DIRECT_OBJC_ISA_USAGE = YES_ERROR;
				CLANG_WARN_DOCUMENTATION_COMMENTS = YES;
				CLANG_WARN_EMPTY_BODY = YES;
				CLANG_WARN_ENUM_CONVERSION = YES;
				CLANG_WARN_INFINITE_RECURSION = YES;
				CLANG_WARN_INT_CONVERSION = YES;
				CLANG_WARN_NON_LITERAL_NULL_CONVERSION = YES;
				CLANG_WARN_OBJC_IMPLICIT_RETAIN_SELF = YES;
				CLANG_WARN_OBJC_LITERAL_CONVERSION = YES;
				CLANG_WARN_OBJC_ROOT_CLASS = YES_ERROR;
				CLANG_WARN_QUOTED_INCLUDE_IN_FRAMEWORK_HEADER = YES;
				CLANG_WARN_RANGE_LOOP_ANALYSIS = YES;
				CLANG_WARN_STRICT_PROTOTYPES = YES;
				CLANG_WARN_SUSPICIOUS_MOVE = YES;
				CLANG_WARN_UNGUARDED_AVAILABILITY = YES_AGGRESSIVE;
				CLANG_WARN_UNREACHABLE_CODE = YES;
				CLANG_WARN__DUPLICATE_METHOD_MATCH = YES;
				COPY_PHASE_STRIP = NO;
				DEBUG_INFORMATION_FORMAT = "dwarf-with-dsym";
				ENABLE_NS_ASSERTIONS = NO;
				ENABLE_STRICT_OBJC_MSGSEND = YES;
				GCC_C_LANGUAGE_STANDARD = gnu11;
				GCC_NO_COMMON_BLOCKS = YES;
				GCC_WARN_64_TO_32_BIT_CONVERSION = YES;
				GCC_WARN_ABOUT_RETURN_TYPE = YES_ERROR;
				GCC_WARN_UNDECLARED_SELECTOR = YES;
				GCC_WARN_UNINITIALIZED_AUTOS = YES_AGGRESSIVE;
				GCC_WARN_UNUSED_FUNCTION = YES;
				GCC_WARN_UNUSED_VARIABLE = YES;
				IPHONEOS_DEPLOYMENT_TARGET = 13.7;
				MTL_ENABLE_DEBUG_INFO = NO;
				MTL_FAST_MATH = YES;
				SDKROOT = iphoneos;
				SWIFT_COMPILATION_MODE = wholemodule;
				SWIFT_OPTIMIZATION_LEVEL = "-O";
				VALIDATE_PRODUCT = YES;
			};
			name = Release;
		};
		984C5D182501A2AF007DBAF4 /* Debug */ = {
			isa = XCBuildConfiguration;
			baseConfigurationReference = E22D4A65454AEC60088171AE /* Pods-Zoomerok.debug.xcconfig */;
			buildSettings = {
				ASSETCATALOG_COMPILER_APPICON_NAME = AppIcon;
				CLANG_ENABLE_MODULES = YES;
				CODE_SIGN_STYLE = Automatic;
				DEVELOPMENT_ASSET_PATHS = "\"Zoomerok/Preview Content\"";
				DEVELOPMENT_TEAM = 966L8B5X3V;
				ENABLE_PREVIEWS = YES;
				INFOPLIST_FILE = Zoomerok/Info.plist;
				IPHONEOS_DEPLOYMENT_TARGET = 13.6;
				LD_RUNPATH_SEARCH_PATHS = (
					"$(inherited)",
					"@executable_path/Frameworks",
				);
				PRODUCT_BUNDLE_IDENTIFIER = com.icorp.Zoomerok;
				PRODUCT_NAME = "$(TARGET_NAME)";
				SWIFT_OBJC_BRIDGING_HEADER = "";
				SWIFT_OPTIMIZATION_LEVEL = "-Onone";
				SWIFT_VERSION = 5.0;
				TARGETED_DEVICE_FAMILY = "1,2";
			};
			name = Debug;
		};
		984C5D192501A2AF007DBAF4 /* Release */ = {
			isa = XCBuildConfiguration;
			baseConfigurationReference = 9BBACA0FA61318BEC2F7C16C /* Pods-Zoomerok.release.xcconfig */;
			buildSettings = {
				ASSETCATALOG_COMPILER_APPICON_NAME = AppIcon;
				CLANG_ENABLE_MODULES = YES;
				CODE_SIGN_STYLE = Automatic;
				DEVELOPMENT_ASSET_PATHS = "\"Zoomerok/Preview Content\"";
				DEVELOPMENT_TEAM = 966L8B5X3V;
				ENABLE_PREVIEWS = YES;
				INFOPLIST_FILE = Zoomerok/Info.plist;
				IPHONEOS_DEPLOYMENT_TARGET = 13.6;
				LD_RUNPATH_SEARCH_PATHS = (
					"$(inherited)",
					"@executable_path/Frameworks",
				);
				PRODUCT_BUNDLE_IDENTIFIER = com.icorp.Zoomerok;
				PRODUCT_NAME = "$(TARGET_NAME)";
				SWIFT_OBJC_BRIDGING_HEADER = "";
				SWIFT_VERSION = 5.0;
				TARGETED_DEVICE_FAMILY = "1,2";
			};
			name = Release;
		};
		984C5D1B2501A2AF007DBAF4 /* Debug */ = {
			isa = XCBuildConfiguration;
			baseConfigurationReference = 7F0EEFC076EA64A96E5DD261 /* Pods-ZoomerokTests.debug.xcconfig */;
			buildSettings = {
				ALWAYS_EMBED_SWIFT_STANDARD_LIBRARIES = YES;
				BUNDLE_LOADER = "$(TEST_HOST)";
				CODE_SIGN_STYLE = Automatic;
				DEVELOPMENT_TEAM = 966L8B5X3V;
				INFOPLIST_FILE = ZoomerokTests/Info.plist;
				IPHONEOS_DEPLOYMENT_TARGET = 13.7;
				LD_RUNPATH_SEARCH_PATHS = (
					"$(inherited)",
					"@executable_path/Frameworks",
					"@loader_path/Frameworks",
				);
				PRODUCT_BUNDLE_IDENTIFIER = com.icorp.ZoomerokTests;
				PRODUCT_NAME = "$(TARGET_NAME)";
				SWIFT_VERSION = 5.0;
				TARGETED_DEVICE_FAMILY = "1,2";
				TEST_HOST = "$(BUILT_PRODUCTS_DIR)/Zoomerok.app/Zoomerok";
			};
			name = Debug;
		};
		984C5D1C2501A2AF007DBAF4 /* Release */ = {
			isa = XCBuildConfiguration;
			baseConfigurationReference = 15585CE887216C1F5E80AC14 /* Pods-ZoomerokTests.release.xcconfig */;
			buildSettings = {
				ALWAYS_EMBED_SWIFT_STANDARD_LIBRARIES = YES;
				BUNDLE_LOADER = "$(TEST_HOST)";
				CODE_SIGN_STYLE = Automatic;
				DEVELOPMENT_TEAM = 966L8B5X3V;
				INFOPLIST_FILE = ZoomerokTests/Info.plist;
				IPHONEOS_DEPLOYMENT_TARGET = 13.7;
				LD_RUNPATH_SEARCH_PATHS = (
					"$(inherited)",
					"@executable_path/Frameworks",
					"@loader_path/Frameworks",
				);
				PRODUCT_BUNDLE_IDENTIFIER = com.icorp.ZoomerokTests;
				PRODUCT_NAME = "$(TARGET_NAME)";
				SWIFT_VERSION = 5.0;
				TARGETED_DEVICE_FAMILY = "1,2";
				TEST_HOST = "$(BUILT_PRODUCTS_DIR)/Zoomerok.app/Zoomerok";
			};
			name = Release;
		};
		984C5D1E2501A2AF007DBAF4 /* Debug */ = {
			isa = XCBuildConfiguration;
			baseConfigurationReference = 81F00608ECF44071EAF60C7D /* Pods-Zoomerok-ZoomerokUITests.debug.xcconfig */;
			buildSettings = {
				ALWAYS_EMBED_SWIFT_STANDARD_LIBRARIES = YES;
				CODE_SIGN_STYLE = Automatic;
				DEVELOPMENT_TEAM = 966L8B5X3V;
				INFOPLIST_FILE = ZoomerokUITests/Info.plist;
				LD_RUNPATH_SEARCH_PATHS = (
					"$(inherited)",
					"@executable_path/Frameworks",
					"@loader_path/Frameworks",
				);
				PRODUCT_BUNDLE_IDENTIFIER = com.icorp.ZoomerokUITests;
				PRODUCT_NAME = "$(TARGET_NAME)";
				SWIFT_VERSION = 5.0;
				TARGETED_DEVICE_FAMILY = "1,2";
				TEST_TARGET_NAME = Zoomerok;
			};
			name = Debug;
		};
		984C5D1F2501A2AF007DBAF4 /* Release */ = {
			isa = XCBuildConfiguration;
			baseConfigurationReference = 3FF26B5D06C4DAD800B63CF2 /* Pods-Zoomerok-ZoomerokUITests.release.xcconfig */;
			buildSettings = {
				ALWAYS_EMBED_SWIFT_STANDARD_LIBRARIES = YES;
				CODE_SIGN_STYLE = Automatic;
				DEVELOPMENT_TEAM = 966L8B5X3V;
				INFOPLIST_FILE = ZoomerokUITests/Info.plist;
				LD_RUNPATH_SEARCH_PATHS = (
					"$(inherited)",
					"@executable_path/Frameworks",
					"@loader_path/Frameworks",
				);
				PRODUCT_BUNDLE_IDENTIFIER = com.icorp.ZoomerokUITests;
				PRODUCT_NAME = "$(TARGET_NAME)";
				SWIFT_VERSION = 5.0;
				TARGETED_DEVICE_FAMILY = "1,2";
				TEST_TARGET_NAME = Zoomerok;
			};
			name = Release;
		};
/* End XCBuildConfiguration section */

/* Begin XCConfigurationList section */
		984C5CE82501A2AD007DBAF4 /* Build configuration list for PBXProject "Zoomerok" */ = {
			isa = XCConfigurationList;
			buildConfigurations = (
				984C5D152501A2AF007DBAF4 /* Debug */,
				984C5D162501A2AF007DBAF4 /* Release */,
			);
			defaultConfigurationIsVisible = 0;
			defaultConfigurationName = Release;
		};
		984C5D172501A2AF007DBAF4 /* Build configuration list for PBXNativeTarget "Zoomerok" */ = {
			isa = XCConfigurationList;
			buildConfigurations = (
				984C5D182501A2AF007DBAF4 /* Debug */,
				984C5D192501A2AF007DBAF4 /* Release */,
			);
			defaultConfigurationIsVisible = 0;
			defaultConfigurationName = Release;
		};
		984C5D1A2501A2AF007DBAF4 /* Build configuration list for PBXNativeTarget "ZoomerokTests" */ = {
			isa = XCConfigurationList;
			buildConfigurations = (
				984C5D1B2501A2AF007DBAF4 /* Debug */,
				984C5D1C2501A2AF007DBAF4 /* Release */,
			);
			defaultConfigurationIsVisible = 0;
			defaultConfigurationName = Release;
		};
		984C5D1D2501A2AF007DBAF4 /* Build configuration list for PBXNativeTarget "ZoomerokUITests" */ = {
			isa = XCConfigurationList;
			buildConfigurations = (
				984C5D1E2501A2AF007DBAF4 /* Debug */,
				984C5D1F2501A2AF007DBAF4 /* Release */,
			);
			defaultConfigurationIsVisible = 0;
			defaultConfigurationName = Release;
		};
/* End XCConfigurationList section */
	};
	rootObject = 984C5CE52501A2AD007DBAF4 /* Project object */;
}
